
Microsoft Visual Studio Solution File, Format Version 12.00
# Visual Studio Version 17
VisualStudioVersion = 17.7.34018.315
MinimumVisualStudioVersion = 10.0.40219.1
Project("{FAE04EC0-301F-11D3-BF4B-00C04F79EFBC}") = "MicroSample.CustomerService", "MicroSample.CustomerService\MicroSample.CustomerService.csproj", "{72CE6B6F-AFA7-498F-8F3F-089FD7B187EA}"
EndProject
Global
	GlobalSection(SolutionConfigurationPlatforms) = preSolution
		Debug|Any CPU = Debug|Any CPU
		Release|Any CPU = Release|Any CPU
	EndGlobalSection
	GlobalSection(ProjectConfigurationPlatforms) = postSolution
		{72CE6B6F-AFA7-498F-8F3F-089FD7B187EA}.Debug|Any CPU.ActiveCfg = Debug|Any CPU
		{72CE6B6F-AFA7-498F-8F3F-089FD7B187EA}.Debug|Any CPU.Build.0 = Debug|Any CPU
		{72CE6B6F-AFA7-498F-8F3F-089FD7B187EA}.Release|Any CPU.ActiveCfg = Release|Any CPU
		{72CE6B6F-AFA7-498F-8F3F-089FD7B187EA}.Release|Any CPU.Build.0 = Release|Any CPU
	EndGlobalSection
	GlobalSection(SolutionProperties) = preSolution
		HideSolutionNode = FALSE
	EndGlobalSection
	GlobalSection(ExtensibilityGlobals) = postSolution
		SolutionGuid = {EBF49D31-D4EE-4CBB-BBCF-1CFEA1ADA4AB}
	EndGlobalSection
EndGlobal
